# This file is automatically @generated by Cargo.
# It is not intended for manual editing.
version = 3

[[package]]
name = "sovri-agent"
version = "0.0.0"
dependencies = [
 "sovri-sdk",
]

[[package]]
name = "sovri-sdk"
version = "0.1.0"
source = "git+https://github.com/Sovri/sovri-sdk-rust?tag=v0.1.0#ba49c61bea658594eea3c8a0aa1fe84cc172158e"
