# This file is automatically @generated by Cargo.
# It is not intended for manual editing.
version = 3

[[package]]
name = "sovri-agent"
version = "0.0.0"
dependencies = [
 "sovri-sdk",
]

[[package]]
name = "sovri-sdk"
version = "0.1.0"
source = "git+https://github.com/Sovri/sovri-sdk-rust?rev=2e1e1ec86a5b03a6535d101ff090bf9d085e5a81#2e1e1ec86a5b03a6535d101ff090bf9d085e5a81"
