# This file is automatically @generated by Cargo.
# It is not intended for manual editing.
version = 3

[[package]]
name = "sovri-agent"
version = "0.4.0"
dependencies = [
 "sovri-sdk",
]

[[package]]
name = "sovri-sdk"
version = "0.3.0"
source = "git+https://github.com/Sovri/sovri-sdk-rust?rev=7b4873814b326944b54562c121937abf454a19c2#7b4873814b326944b54562c121937abf454a19c2"
